
Microsoft Visual Studio Solution File, Format Version 12.00
# Visual Studio 15
VisualStudioVersion = 15.0.28307.102
MinimumVisualStudioVersion = 10.0.40219.1
Project("{FAE04EC0-301F-11D3-BF4B-00C04F79EFBC}") = "AppVacacionesConIviajes", "AppVacacionesConIviajes\AppVacacionesConIviajes.csproj", "{FEF514AF-1756-4DC3-B4A1-8FE8BEC8FD0E}"
EndProject
Global
	GlobalSection(SolutionConfigurationPlatforms) = preSolution
		Debug|Any CPU = Debug|Any CPU
		Release|Any CPU = Release|Any CPU
	EndGlobalSection
	GlobalSection(ProjectConfigurationPlatforms) = postSolution
		{FEF514AF-1756-4DC3-B4A1-8FE8BEC8FD0E}.Debug|Any CPU.ActiveCfg = Debug|Any CPU
		{FEF514AF-1756-4DC3-B4A1-8FE8BEC8FD0E}.Debug|Any CPU.Build.0 = Debug|Any CPU
		{FEF514AF-1756-4DC3-B4A1-8FE8BEC8FD0E}.Release|Any CPU.ActiveCfg = Release|Any CPU
		{FEF514AF-1756-4DC3-B4A1-8FE8BEC8FD0E}.Release|Any CPU.Build.0 = Release|Any CPU
	EndGlobalSection
	GlobalSection(SolutionProperties) = preSolution
		HideSolutionNode = FALSE
	EndGlobalSection
	GlobalSection(ExtensibilityGlobals) = postSolution
		SolutionGuid = {45C8D50B-73E4-4EC9-8385-236716D66236}
	EndGlobalSection
EndGlobal
